
Microsoft Visual Studio Solution File, Format Version 12.00
Project("{FAE04EC0-301F-11D3-BF4B-00C04F79EFBC}") = "GrpcServer", "GrpcServer\GrpcServer.csproj", "{C509B834-689F-4687-9780-5C90F5B4250B}"
EndProject
Project("{FAE04EC0-301F-11D3-BF4B-00C04F79EFBC}") = "GrpcClient", "GrpcClient\GrpcClient.csproj", "{211460C3-C65B-4382-A4DC-02D865FE982A}"
EndProject
Global
	GlobalSection(SolutionConfigurationPlatforms) = preSolution
		Debug|Any CPU = Debug|Any CPU
		Release|Any CPU = Release|Any CPU
	EndGlobalSection
	GlobalSection(ProjectConfigurationPlatforms) = postSolution
		{C509B834-689F-4687-9780-5C90F5B4250B}.Debug|Any CPU.ActiveCfg = Debug|Any CPU
		{C509B834-689F-4687-9780-5C90F5B4250B}.Debug|Any CPU.Build.0 = Debug|Any CPU
		{C509B834-689F-4687-9780-5C90F5B4250B}.Release|Any CPU.ActiveCfg = Release|Any CPU
		{C509B834-689F-4687-9780-5C90F5B4250B}.Release|Any CPU.Build.0 = Release|Any CPU
		{211460C3-C65B-4382-A4DC-02D865FE982A}.Debug|Any CPU.ActiveCfg = Debug|Any CPU
		{211460C3-C65B-4382-A4DC-02D865FE982A}.Debug|Any CPU.Build.0 = Debug|Any CPU
		{211460C3-C65B-4382-A4DC-02D865FE982A}.Release|Any CPU.ActiveCfg = Release|Any CPU
		{211460C3-C65B-4382-A4DC-02D865FE982A}.Release|Any CPU.Build.0 = Release|Any CPU
	EndGlobalSection
EndGlobal
